
Microsoft Visual Studio Solution File, Format Version 12.00
# Visual Studio Version 17
VisualStudioVersion = 17.3.32929.385
MinimumVisualStudioVersion = 10.0.40219.1
Project("{FAE04EC0-301F-11D3-BF4B-00C04F79EFBC}") = "EmployeMenagmentSystem", "EmployeMenagmentSystem\EmployeMenagmentSystem.csproj", "{12E137F8-393A-470C-AE65-4EA3B2863EC9}"
EndProject
Global
	GlobalSection(SolutionConfigurationPlatforms) = preSolution
		Debug|Any CPU = Debug|Any CPU
		Release|Any CPU = Release|Any CPU
	EndGlobalSection
	GlobalSection(ProjectConfigurationPlatforms) = postSolution
		{12E137F8-393A-470C-AE65-4EA3B2863EC9}.Debug|Any CPU.ActiveCfg = Debug|Any CPU
		{12E137F8-393A-470C-AE65-4EA3B2863EC9}.Debug|Any CPU.Build.0 = Debug|Any CPU
		{12E137F8-393A-470C-AE65-4EA3B2863EC9}.Release|Any CPU.ActiveCfg = Release|Any CPU
		{12E137F8-393A-470C-AE65-4EA3B2863EC9}.Release|Any CPU.Build.0 = Release|Any CPU
	EndGlobalSection
	GlobalSection(SolutionProperties) = preSolution
		HideSolutionNode = FALSE
	EndGlobalSection
	GlobalSection(ExtensibilityGlobals) = postSolution
		SolutionGuid = {914D4C39-29F1-45D8-BB78-0A9D37628CF4}
	EndGlobalSection
EndGlobal
